
Microsoft Visual Studio Solution File, Format Version 12.00
# Visual Studio Version 16
VisualStudioVersion = 16.0.29806.167
MinimumVisualStudioVersion = 10.0.40219.1
Project("{FAE04EC0-301F-11D3-BF4B-00C04F79EFBC}") = "WebAPIStartupKit", "WebAPIStartupKit\WebAPIStartupKit.csproj", "{E7C78601-599C-4E03-9CC2-32C095982F86}"
EndProject
Project("{FAE04EC0-301F-11D3-BF4B-00C04F79EFBC}") = "StartKitBLL", "StartKitBLL\StartKitBLL.csproj", "{3C9A5C8D-65FE-4A3D-A4A0-8B35D64FEBB9}"
EndProject
Project("{FAE04EC0-301F-11D3-BF4B-00C04F79EFBC}") = "StarterKITDAL", "StarterKITDAL\StarterKITDAL.csproj", "{8BE0434D-146D-4B13-B7AE-E8B5D7642C22}"
EndProject
Project("{FAE04EC0-301F-11D3-BF4B-00C04F79EFBC}") = "StarterApiConsumer", "StarterApiConsumer\StarterApiConsumer.csproj", "{AAE4F3B8-7E49-4E9E-9523-47D42121E0DB}"
EndProject
Global
	GlobalSection(SolutionConfigurationPlatforms) = preSolution
		Debug|Any CPU = Debug|Any CPU
		Release|Any CPU = Release|Any CPU
	EndGlobalSection
	GlobalSection(ProjectConfigurationPlatforms) = postSolution
		{E7C78601-599C-4E03-9CC2-32C095982F86}.Debug|Any CPU.ActiveCfg = Debug|Any CPU
		{E7C78601-599C-4E03-9CC2-32C095982F86}.Debug|Any CPU.Build.0 = Debug|Any CPU
		{E7C78601-599C-4E03-9CC2-32C095982F86}.Release|Any CPU.ActiveCfg = Release|Any CPU
		{E7C78601-599C-4E03-9CC2-32C095982F86}.Release|Any CPU.Build.0 = Release|Any CPU
		{3C9A5C8D-65FE-4A3D-A4A0-8B35D64FEBB9}.Debug|Any CPU.ActiveCfg = Debug|Any CPU
		{3C9A5C8D-65FE-4A3D-A4A0-8B35D64FEBB9}.Debug|Any CPU.Build.0 = Debug|Any CPU
		{3C9A5C8D-65FE-4A3D-A4A0-8B35D64FEBB9}.Release|Any CPU.ActiveCfg = Release|Any CPU
		{3C9A5C8D-65FE-4A3D-A4A0-8B35D64FEBB9}.Release|Any CPU.Build.0 = Release|Any CPU
		{8BE0434D-146D-4B13-B7AE-E8B5D7642C22}.Debug|Any CPU.ActiveCfg = Debug|Any CPU
		{8BE0434D-146D-4B13-B7AE-E8B5D7642C22}.Debug|Any CPU.Build.0 = Debug|Any CPU
		{8BE0434D-146D-4B13-B7AE-E8B5D7642C22}.Release|Any CPU.ActiveCfg = Release|Any CPU
		{8BE0434D-146D-4B13-B7AE-E8B5D7642C22}.Release|Any CPU.Build.0 = Release|Any CPU
		{AAE4F3B8-7E49-4E9E-9523-47D42121E0DB}.Debug|Any CPU.ActiveCfg = Debug|Any CPU
		{AAE4F3B8-7E49-4E9E-9523-47D42121E0DB}.Debug|Any CPU.Build.0 = Debug|Any CPU
		{AAE4F3B8-7E49-4E9E-9523-47D42121E0DB}.Release|Any CPU.ActiveCfg = Release|Any CPU
		{AAE4F3B8-7E49-4E9E-9523-47D42121E0DB}.Release|Any CPU.Build.0 = Release|Any CPU
	EndGlobalSection
	GlobalSection(SolutionProperties) = preSolution
		HideSolutionNode = FALSE
	EndGlobalSection
	GlobalSection(ExtensibilityGlobals) = postSolution
		SolutionGuid = {E7495153-9347-4369-A99E-905ACD7DB7F5}
	EndGlobalSection
EndGlobal
